
Microsoft Visual Studio Solution File, Format Version 12.00
# Visual Studio Version 18
VisualStudioVersion = 18.3.11520.95
MinimumVisualStudioVersion = 10.0.40219.1
Project("{FAE04EC0-301F-11D3-BF4B-00C04F79EFBC}") = "TherapyBooking", "TherapyBooking.csproj", "{EF348AB1-A204-1E67-CDB7-2E81B28E39B5}"
EndProject
Global
	GlobalSection(SolutionConfigurationPlatforms) = preSolution
		Debug|Any CPU = Debug|Any CPU
		Release|Any CPU = Release|Any CPU
	EndGlobalSection
	GlobalSection(ProjectConfigurationPlatforms) = postSolution
		{EF348AB1-A204-1E67-CDB7-2E81B28E39B5}.Debug|Any CPU.ActiveCfg = Debug|Any CPU
		{EF348AB1-A204-1E67-CDB7-2E81B28E39B5}.Debug|Any CPU.Build.0 = Debug|Any CPU
		{EF348AB1-A204-1E67-CDB7-2E81B28E39B5}.Release|Any CPU.ActiveCfg = Release|Any CPU
		{EF348AB1-A204-1E67-CDB7-2E81B28E39B5}.Release|Any CPU.Build.0 = Release|Any CPU
	EndGlobalSection
	GlobalSection(SolutionProperties) = preSolution
		HideSolutionNode = FALSE
	EndGlobalSection
	GlobalSection(ExtensibilityGlobals) = postSolution
		SolutionGuid = {6480EB6B-825D-4198-9BE7-AA4E2DF70DC2}
	EndGlobalSection
EndGlobal
